PODS:
  - MSAL (0.6.0):
    - MSAL/app-lib (= 0.6.0)
  - MSAL/app-lib (0.6.0)

DEPENDENCIES:
  - MSAL (from `https://github.com/AzureAD/microsoft-authentication-library-for-objc`, branch `oldalton/ios_keychain_macos`)

EXTERNAL SOURCES:
  MSAL:
    :branch: oldalton/ios_keychain_macos
    :git: https://github.com/AzureAD/microsoft-authentication-library-for-objc
    :submodules: true

CHECKOUT OPTIONS:
  MSAL:
    :commit: 3537dd52a2aefa8fe714593fcf7dcbab8eb6c3a3
    :git: https://github.com/AzureAD/microsoft-authentication-library-for-objc
    :submodules: true

SPEC CHECKSUMS:
  MSAL: a90b2c0068ded9263b9382faea6eb920892eeb6b

PODFILE CHECKSUM: e5f50143d89bd07a81de616a5e65ceac32957c2b

COCOAPODS: 1.7.5
